
Microsoft Visual Studio Solution File, Format Version 12.00
# Visual Studio Version 16
VisualStudioVersion = 16.0.30907.101
MinimumVisualStudioVersion = 10.0.40219.1
Project("{FAE04EC0-301F-11D3-BF4B-00C04F79EFBC}") = "GeoradarGui", "GeoradarGui.csproj", "{E7E1ECD8-AE90-4C03-80DF-E49EA1114B4D}"
EndProject
Global
	GlobalSection(SolutionConfigurationPlatforms) = preSolution
		Debug|Any CPU = Debug|Any CPU
		Release|Any CPU = Release|Any CPU
	EndGlobalSection
	GlobalSection(ProjectConfigurationPlatforms) = postSolution
		{E7E1ECD8-AE90-4C03-80DF-E49EA1114B4D}.Debug|Any CPU.ActiveCfg = Debug|Any CPU
		{E7E1ECD8-AE90-4C03-80DF-E49EA1114B4D}.Debug|Any CPU.Build.0 = Debug|Any CPU
		{E7E1ECD8-AE90-4C03-80DF-E49EA1114B4D}.Release|Any CPU.ActiveCfg = Release|Any CPU
		{E7E1ECD8-AE90-4C03-80DF-E49EA1114B4D}.Release|Any CPU.Build.0 = Release|Any CPU
	EndGlobalSection
	GlobalSection(SolutionProperties) = preSolution
		HideSolutionNode = FALSE
	EndGlobalSection
	GlobalSection(ExtensibilityGlobals) = postSolution
		SolutionGuid = {6C0CB136-50E0-4B5E-A190-165937EF0285}
	EndGlobalSection
EndGlobal
